
Microsoft Visual Studio Solution File, Format Version 12.00
# Visual Studio 15
VisualStudioVersion = 15.0.26124.0
MinimumVisualStudioVersion = 15.0.26124.0
Project("{2150E333-8FDC-42A3-9474-1A3956D46DE8}") = "src", "src", "{B901C601-CEF2-4193-B6D6-69B09AD76E5C}"
EndProject
Project("{FAE04EC0-301F-11D3-BF4B-00C04F79EFBC}") = "testingbranch", "src\testingbranch\testingbranch.csproj", "{D73CCDF1-ADAF-4D43-AA6B-566B7E1CD1FF}"
EndProject
Global
	GlobalSection(SolutionConfigurationPlatforms) = preSolution
		Debug|Any CPU = Debug|Any CPU
		Debug|x64 = Debug|x64
		Debug|x86 = Debug|x86
		Release|Any CPU = Release|Any CPU
		Release|x64 = Release|x64
		Release|x86 = Release|x86
	EndGlobalSection
	GlobalSection(SolutionProperties) = preSolution
		HideSolutionNode = FALSE
	EndGlobalSection
	GlobalSection(ProjectConfigurationPlatforms) = postSolution
		{D73CCDF1-ADAF-4D43-AA6B-566B7E1CD1FF}.Debug|Any CPU.ActiveCfg = Debug|Any CPU
		{D73CCDF1-ADAF-4D43-AA6B-566B7E1CD1FF}.Debug|Any CPU.Build.0 = Debug|Any CPU
		{D73CCDF1-ADAF-4D43-AA6B-566B7E1CD1FF}.Debug|x64.ActiveCfg = Debug|Any CPU
		{D73CCDF1-ADAF-4D43-AA6B-566B7E1CD1FF}.Debug|x64.Build.0 = Debug|Any CPU
		{D73CCDF1-ADAF-4D43-AA6B-566B7E1CD1FF}.Debug|x86.ActiveCfg = Debug|Any CPU
		{D73CCDF1-ADAF-4D43-AA6B-566B7E1CD1FF}.Debug|x86.Build.0 = Debug|Any CPU
		{D73CCDF1-ADAF-4D43-AA6B-566B7E1CD1FF}.Release|Any CPU.ActiveCfg = Release|Any CPU
		{D73CCDF1-ADAF-4D43-AA6B-566B7E1CD1FF}.Release|Any CPU.Build.0 = Release|Any CPU
		{D73CCDF1-ADAF-4D43-AA6B-566B7E1CD1FF}.Release|x64.ActiveCfg = Release|Any CPU
		{D73CCDF1-ADAF-4D43-AA6B-566B7E1CD1FF}.Release|x64.Build.0 = Release|Any CPU
		{D73CCDF1-ADAF-4D43-AA6B-566B7E1CD1FF}.Release|x86.ActiveCfg = Release|Any CPU
		{D73CCDF1-ADAF-4D43-AA6B-566B7E1CD1FF}.Release|x86.Build.0 = Release|Any CPU
	EndGlobalSection
	GlobalSection(NestedProjects) = preSolution
		{D73CCDF1-ADAF-4D43-AA6B-566B7E1CD1FF} = {B901C601-CEF2-4193-B6D6-69B09AD76E5C}
	EndGlobalSection
EndGlobal
